
Microsoft Visual Studio Solution File, Format Version 12.00
# Visual Studio Version 17
VisualStudioVersion = 17.5.33414.496
MinimumVisualStudioVersion = 10.0.40219.1
Project("{FAE04EC0-301F-11D3-BF4B-00C04F79EFBC}") = "AutoMotors", "AutoMotors.csproj", "{FDB05787-3B7B-4670-8352-BA17CE9A275A}"
EndProject
Global
	GlobalSection(SolutionConfigurationPlatforms) = preSolution
		Debug|Any CPU = Debug|Any CPU
		Release|Any CPU = Release|Any CPU
	EndGlobalSection
	GlobalSection(ProjectConfigurationPlatforms) = postSolution
		{FDB05787-3B7B-4670-8352-BA17CE9A275A}.Debug|Any CPU.ActiveCfg = Debug|Any CPU
		{FDB05787-3B7B-4670-8352-BA17CE9A275A}.Debug|Any CPU.Build.0 = Debug|Any CPU
		{FDB05787-3B7B-4670-8352-BA17CE9A275A}.Release|Any CPU.ActiveCfg = Release|Any CPU
		{FDB05787-3B7B-4670-8352-BA17CE9A275A}.Release|Any CPU.Build.0 = Release|Any CPU
	EndGlobalSection
	GlobalSection(SolutionProperties) = preSolution
		HideSolutionNode = FALSE
	EndGlobalSection
	GlobalSection(ExtensibilityGlobals) = postSolution
		SolutionGuid = {B57B42DB-9206-4198-A84B-BA216FE0FB8A}
	EndGlobalSection
EndGlobal
